<?xml version="1.0" encoding="utf-8"?>
<Project ToolsVersion="4.0" xmlns="http://schemas.microsoft.com/developer/msbuild/2003">
  <ItemGroup>
    <Filter Include="win32">
      <UniqueIdentifier>{84a8ebd7-7cf0-47f6-b75e-d441df67da40}</UniqueIdentifier>
    </Filter>
    <Filter Include="resource">
      <UniqueIdentifier>{715254bc-d70b-4ec5-bf29-467dd3ace079}</UniqueIdentifier>
    </Filter>
    <Filter Include="src">
      <UniqueIdentifier>{bb6c862e-70e9-49d9-81b7-3829a6f50471}</UniqueIdentifier>
    </Filter>
    <Filter Include="src\Scene">
      <UniqueIdentifier>{b195282d-1eaf-4eee-a285-6f73d401be7d}</UniqueIdentifier>
    </Filter>
    <Filter Include="src\Scene\IntroScene">
      <UniqueIdentifier>{412ff163-0708-4d91-9f08-ca687692c19c}</UniqueIdentifier>
    </Filter>
    <Filter Include="src\Scene\TutorialScene">
      <UniqueIdentifier>{603fbe6d-e65e-4e50-89d0-41886730adb7}</UniqueIdentifier>
    </Filter>
  </ItemGroup>
  <ItemGroup>
    <ClCompile Include="main.cpp">
      <Filter>win32</Filter>
    </ClCompile>
    <ClCompile Include="..\Classes\AppDelegate.cpp">
      <Filter>src</Filter>
    </ClCompile>
    <ClCompile Include="..\Classes\HelloWorldScene.cpp">
      <Filter>src</Filter>
    </ClCompile>
    <ClCompile Include="..\Classes\IntroScene.cpp">
      <Filter>src\Scene\IntroScene</Filter>
    </ClCompile>
    <ClCompile Include="..\Classes\IntroUI.cpp">
      <Filter>src\Scene\IntroScene</Filter>
    </ClCompile>
    <ClCompile Include="..\Classes\IntroBg.cpp">
      <Filter>src\Scene\IntroScene</Filter>
    </ClCompile>
    <ClCompile Include="..\Classes\Intro.cpp">
      <Filter>src\Scene\IntroScene</Filter>
    </ClCompile>
    <ClCompile Include="..\Classes\IntroLabel.cpp">
      <Filter>src\Scene\IntroScene</Filter>
    </ClCompile>
    <ClCompile Include="..\Classes\Tutorial.cpp">
      <Filter>src\Scene\TutorialScene</Filter>
    </ClCompile>
    <ClCompile Include="..\Classes\TutorialBg.cpp">
      <Filter>src\Scene\TutorialScene</Filter>
    </ClCompile>
    <ClCompile Include="..\Classes\TutorialLabel.cpp">
      <Filter>src\Scene\TutorialScene</Filter>
    </ClCompile>
    <ClCompile Include="..\Classes\TutorialScene.cpp">
      <Filter>src\Scene\TutorialScene</Filter>
    </ClCompile>
    <ClCompile Include="..\Classes\TutorialUI.cpp">
      <Filter>src\Scene\TutorialScene</Filter>
    </ClCompile>
  </ItemGroup>
  <ItemGroup>
    <ClInclude Include="main.h">
      <Filter>win32</Filter>
    </ClInclude>
    <ClInclude Include="..\Classes\AppDelegate.h">
      <Filter>src</Filter>
    </ClInclude>
    <ClInclude Include="..\Classes\HelloWorldScene.h">
      <Filter>src</Filter>
    </ClInclude>
    <ClInclude Include="..\Classes\framework.h">
      <Filter>src</Filter>
    </ClInclude>
    <ClInclude Include="..\Classes\IntroScene.h">
      <Filter>src\Scene\IntroScene</Filter>
    </ClInclude>
    <ClInclude Include="..\Classes\IntroBg.h">
      <Filter>src\Scene\IntroScene</Filter>
    </ClInclude>
    <ClInclude Include="..\Classes\IntroUI.h">
      <Filter>src\Scene\IntroScene</Filter>
    </ClInclude>
    <ClInclude Include="..\Classes\Intro.h">
      <Filter>src\Scene\IntroScene</Filter>
    </ClInclude>
    <ClInclude Include="..\Classes\IntroLabel.h">
      <Filter>src\Scene\IntroScene</Filter>
    </ClInclude>
    <ClInclude Include="..\Classes\Tutorial.h">
      <Filter>src\Scene\TutorialScene</Filter>
    </ClInclude>
    <ClInclude Include="..\Classes\TutorialBg.h">
      <Filter>src\Scene\TutorialScene</Filter>
    </ClInclude>
    <ClInclude Include="..\Classes\TutorialLabel.h">
      <Filter>src\Scene\TutorialScene</Filter>
    </ClInclude>
    <ClInclude Include="..\Classes\TutorialScene.h">
      <Filter>src\Scene\TutorialScene</Filter>
    </ClInclude>
    <ClInclude Include="..\Classes\TutorialUI.h">
      <Filter>src\Scene\TutorialScene</Filter>
    </ClInclude>
  </ItemGroup>
  <ItemGroup>
    <ResourceCompile Include="game.rc">
      <Filter>resource</Filter>
    </ResourceCompile>
  </ItemGroup>
</Project>